{
  "version": 4,
  "terraform_version": "1.2.7",
  "serial": 128,
  "lineage": "5ca1a649-b992-23c5-bbbe-c458ec52de83",
  "outputs": {},
  "resources": [
    {
      "mode": "managed",
      "type": "azurerm_linux_virtual_machine",
      "name": "vm",
      "provider": "provider[\"registry.terraform.io/hashicorp/azurerm\"]",
      "instances": [
        {
          "schema_version": 0,
          "attributes": {
            "additional_capabilities": [],
            "admin_password": "MyAzure123!",
            "admin_ssh_key": [],
            "admin_username": "azureuser",
            "allow_extension_operations": true,
            "availability_set_id": "",
            "boot_diagnostics": [],
            "computer_name": "ubuntu-tf-vm",
            "custom_data": "IyEgL2Jpbi9iYXNoCnN1ZG8gYXB0LWdldCB1cGRhdGUgLXkKc3VkbyBhcHQtZ2V0IGluc3RhbGwgYXBhY2hlMiAteQpzdWRvIHN5c3RlbWN0bCBzdGFydCBhcGFjaGUyCnN1ZG8gc3lzdGVtY3RsIGVuYWJsZSBhcGFjaGUyCmVjaG8gIjxoMT5BenVyZSBWaXJ0dWFsIE1hY2hpbmUgZGVwbG95ZWQgd2l0aCBUZXJyYWZvcm08L2gxPiIgfCBzdWRvIHRlZSAvdmFyL3d3dy9odG1sL2luZGV4Lmh0bWw=",
            "dedicated_host_group_id": "",
            "dedicated_host_id": "",
            "disable_password_authentication": false,
            "edge_zone": "",
            "encryption_at_host_enabled": false,
            "eviction_policy": "",
            "extensions_time_budget": "PT1H30M",
            "id": "/subscriptions/a3abc53d-9669-4c7f-9722-d12af9ac8daa/resourceGroups/my_tf_resource_group/providers/Microsoft.Compute/virtualMachines/ubuntu-tf-vm",
            "identity": [],
            "license_type": "",
            "location": "westeurope",
            "max_bid_price": -1,
            "name": "ubuntu-tf-vm",
            "network_interface_ids": [
              "/subscriptions/a3abc53d-9669-4c7f-9722-d12af9ac8daa/resourceGroups/my_tf_resource_group/providers/Microsoft.Network/networkInterfaces/my-network-interface"
            ],
            "os_disk": [
              {
                "caching": "ReadWrite",
                "diff_disk_settings": [],
                "disk_encryption_set_id": "",
                "disk_size_gb": 30,
                "name": "ubuntu-tf-vm_OsDisk_1_b0c5ff86b5d24892801b06d0177fb6d4",
                "storage_account_type": "Standard_LRS",
                "write_accelerator_enabled": false
              }
            ],
            "patch_mode": "ImageDefault",
            "plan": [],
            "platform_fault_domain": -1,
            "priority": "Regular",
            "private_ip_address": "10.0.2.4",
            "private_ip_addresses": [
              "10.0.2.4"
            ],
            "provision_vm_agent": true,
            "proximity_placement_group_id": "",
            "public_ip_address": "40.115.19.115",
            "public_ip_addresses": [
              "40.115.19.115"
            ],
            "resource_group_name": "my_tf_resource_group",
            "secret": [],
            "secure_boot_enabled": false,
            "size": "Standard_F2",
            "source_image_id": "",
            "source_image_reference": [
              {
                "offer": "UbuntuServer",
                "publisher": "Canonical",
                "sku": "18.04-LTS",
                "version": "latest"
              }
            ],
            "tags": {},
            "termination_notification": [],
            "timeouts": null,
            "user_data": "",
            "virtual_machine_id": "47ddcd69-b01d-4ab2-b711-f173ca7d5911",
            "virtual_machine_scale_set_id": "",
            "vtpm_enabled": false,
            "zone": ""
          },
          "sensitive_attributes": [],
          "private": "eyJlMmJmYjczMC1lY2FhLTExZTYtOGY4OC0zNDM2M2JjN2M0YzAiOnsiY3JlYXRlIjoyNzAwMDAwMDAwMDAwLCJkZWxldGUiOjI3MDAwMDAwMDAwMDAsInJlYWQiOjMwMDAwMDAwMDAwMCwidXBkYXRlIjoyNzAwMDAwMDAwMDAwfX0=",
          "dependencies": [
            "azurerm_network_interface.id",
            "azurerm_public_ip.id",
            "azurerm_resource_group.rg",
            "azurerm_subnet.id",
            "azurerm_virtual_network.vnet"
          ]
        }
      ]
    },
    {
      "mode": "managed",
      "type": "azurerm_network_interface",
      "name": "id",
      "provider": "provider[\"registry.terraform.io/hashicorp/azurerm\"]",
      "instances": [
        {
          "schema_version": 0,
          "attributes": {
            "applied_dns_servers": [],
            "dns_servers": [],
            "edge_zone": "",
            "enable_accelerated_networking": false,
            "enable_ip_forwarding": false,
            "id": "/subscriptions/a3abc53d-9669-4c7f-9722-d12af9ac8daa/resourceGroups/my_tf_resource_group/providers/Microsoft.Network/networkInterfaces/my-network-interface",
            "internal_dns_name_label": "",
            "internal_domain_name_suffix": "vfhag3lkgeeurlaw3fxc4jbipd.ax.internal.cloudapp.net",
            "ip_configuration": [
              {
                "gateway_load_balancer_frontend_ip_configuration_id": "",
                "name": "internal",
                "primary": true,
                "private_ip_address": "10.0.2.4",
                "private_ip_address_allocation": "Dynamic",
                "private_ip_address_version": "IPv4",
                "public_ip_address_id": "/subscriptions/a3abc53d-9669-4c7f-9722-d12af9ac8daa/resourceGroups/my_tf_resource_group/providers/Microsoft.Network/publicIPAddresses/my-public-ip",
                "subnet_id": "/subscriptions/a3abc53d-9669-4c7f-9722-d12af9ac8daa/resourceGroups/my_tf_resource_group/providers/Microsoft.Network/virtualNetworks/my_tf_vnet/subnets/internal"
              }
            ],
            "location": "westeurope",
            "mac_address": "60-45-BD-88-21-7C",
            "name": "my-network-interface",
            "private_ip_address": "10.0.2.4",
            "private_ip_addresses": [
              "10.0.2.4"
            ],
            "resource_group_name": "my_tf_resource_group",
            "tags": {},
            "timeouts": null,
            "virtual_machine_id": "/subscriptions/a3abc53d-9669-4c7f-9722-d12af9ac8daa/resourceGroups/my_tf_resource_group/providers/Microsoft.Compute/virtualMachines/ubuntu-tf-vm"
          },
          "sensitive_attributes": [],
          "private": "eyJlMmJmYjczMC1lY2FhLTExZTYtOGY4OC0zNDM2M2JjN2M0YzAiOnsiY3JlYXRlIjoxODAwMDAwMDAwMDAwLCJkZWxldGUiOjE4MDAwMDAwMDAwMDAsInJlYWQiOjMwMDAwMDAwMDAwMCwidXBkYXRlIjoxODAwMDAwMDAwMDAwfX0=",
          "dependencies": [
            "azurerm_public_ip.id",
            "azurerm_resource_group.rg",
            "azurerm_subnet.id",
            "azurerm_virtual_network.vnet"
          ]
        }
      ]
    },
    {
      "mode": "managed",
      "type": "azurerm_public_ip",
      "name": "id",
      "provider": "provider[\"registry.terraform.io/hashicorp/azurerm\"]",
      "instances": [
        {
          "schema_version": 0,
          "attributes": {
            "allocation_method": "Static",
            "domain_name_label": null,
            "edge_zone": "",
            "fqdn": null,
            "id": "/subscriptions/a3abc53d-9669-4c7f-9722-d12af9ac8daa/resourceGroups/my_tf_resource_group/providers/Microsoft.Network/publicIPAddresses/my-public-ip",
            "idle_timeout_in_minutes": 4,
            "ip_address": "40.115.19.115",
            "ip_tags": {},
            "ip_version": "IPv4",
            "location": "westeurope",
            "name": "my-public-ip",
            "public_ip_prefix_id": null,
            "resource_group_name": "my_tf_resource_group",
            "reverse_fqdn": null,
            "sku": "Basic",
            "sku_tier": "Regional",
            "tags": {},
            "timeouts": null,
            "zones": []
          },
          "sensitive_attributes": [],
          "private": "eyJlMmJmYjczMC1lY2FhLTExZTYtOGY4OC0zNDM2M2JjN2M0YzAiOnsiY3JlYXRlIjoxODAwMDAwMDAwMDAwLCJkZWxldGUiOjE4MDAwMDAwMDAwMDAsInJlYWQiOjMwMDAwMDAwMDAwMCwidXBkYXRlIjoxODAwMDAwMDAwMDAwfX0=",
          "dependencies": [
            "azurerm_resource_group.rg"
          ]
        }
      ]
    },
    {
      "mode": "managed",
      "type": "azurerm_resource_group",
      "name": "rg",
      "provider": "provider[\"registry.terraform.io/hashicorp/azurerm\"]",
      "instances": [
        {
          "schema_version": 0,
          "attributes": {
            "id": "/subscriptions/a3abc53d-9669-4c7f-9722-d12af9ac8daa/resourceGroups/my_tf_resource_group",
            "location": "westeurope",
            "name": "my_tf_resource_group",
            "tags": {
              "Environment": "Terraform On Azure",
              "Team": "DevOps"
            },
            "timeouts": null
          },
          "sensitive_attributes": [],
          "private": "eyJlMmJmYjczMC1lY2FhLTExZTYtOGY4OC0zNDM2M2JjN2M0YzAiOnsiY3JlYXRlIjo1NDAwMDAwMDAwMDAwLCJkZWxldGUiOjU0MDAwMDAwMDAwMDAsInJlYWQiOjMwMDAwMDAwMDAwMCwidXBkYXRlIjo1NDAwMDAwMDAwMDAwfX0="
        }
      ]
    },
    {
      "mode": "managed",
      "type": "azurerm_subnet",
      "name": "id",
      "provider": "provider[\"registry.terraform.io/hashicorp/azurerm\"]",
      "instances": [
        {
          "schema_version": 0,
          "attributes": {
            "address_prefixes": [
              "10.0.2.0/24"
            ],
            "delegation": [],
            "enforce_private_link_endpoint_network_policies": false,
            "enforce_private_link_service_network_policies": false,
            "id": "/subscriptions/a3abc53d-9669-4c7f-9722-d12af9ac8daa/resourceGroups/my_tf_resource_group/providers/Microsoft.Network/virtualNetworks/my_tf_vnet/subnets/internal",
            "name": "internal",
            "resource_group_name": "my_tf_resource_group",
            "service_endpoint_policy_ids": [],
            "service_endpoints": [],
            "timeouts": null,
            "virtual_network_name": "my_tf_vnet"
          },
          "sensitive_attributes": [],
          "private": "eyJlMmJmYjczMC1lY2FhLTExZTYtOGY4OC0zNDM2M2JjN2M0YzAiOnsiY3JlYXRlIjoxODAwMDAwMDAwMDAwLCJkZWxldGUiOjE4MDAwMDAwMDAwMDAsInJlYWQiOjMwMDAwMDAwMDAwMCwidXBkYXRlIjoxODAwMDAwMDAwMDAwfX0=",
          "dependencies": [
            "azurerm_resource_group.rg",
            "azurerm_virtual_network.vnet"
          ]
        }
      ]
    },
    {
      "mode": "managed",
      "type": "azurerm_virtual_network",
      "name": "vnet",
      "provider": "provider[\"registry.terraform.io/hashicorp/azurerm\"]",
      "instances": [
        {
          "schema_version": 0,
          "attributes": {
            "address_space": [
              "10.0.0.0/16"
            ],
            "bgp_community": "",
            "ddos_protection_plan": [],
            "dns_servers": [],
            "edge_zone": "",
            "flow_timeout_in_minutes": 0,
            "guid": "75034ea9-316a-4809-ac16-e96e2f24287b",
            "id": "/subscriptions/a3abc53d-9669-4c7f-9722-d12af9ac8daa/resourceGroups/my_tf_resource_group/providers/Microsoft.Network/virtualNetworks/my_tf_vnet",
            "location": "westeurope",
            "name": "my_tf_vnet",
            "resource_group_name": "my_tf_resource_group",
            "subnet": [
              {
                "address_prefix": "10.0.2.0/24",
                "id": "/subscriptions/a3abc53d-9669-4c7f-9722-d12af9ac8daa/resourceGroups/my_tf_resource_group/providers/Microsoft.Network/virtualNetworks/my_tf_vnet/subnets/internal",
                "name": "internal",
                "security_group": ""
              }
            ],
            "tags": {},
            "timeouts": null
          },
          "sensitive_attributes": [],
          "private": "eyJlMmJmYjczMC1lY2FhLTExZTYtOGY4OC0zNDM2M2JjN2M0YzAiOnsiY3JlYXRlIjoxODAwMDAwMDAwMDAwLCJkZWxldGUiOjE4MDAwMDAwMDAwMDAsInJlYWQiOjMwMDAwMDAwMDAwMCwidXBkYXRlIjoxODAwMDAwMDAwMDAwfX0=",
          "dependencies": [
            "azurerm_resource_group.rg"
          ]
        }
      ]
    }
  ]
}
